{
  "version": 4,
  "terraform_version": "1.3.9",
  "serial": 74,
  "lineage": "e3d18af3-cb88-a75f-026e-a6b5c93e1af5",
  "outputs": {},
  "resources": [
    {
      "mode": "data",
      "type": "newrelic_entity",
      "name": "app",
      "provider": "provider[\"registry.terraform.io/newrelic/newrelic\"]",
      "instances": [
        {
          "schema_version": 0,
          "attributes": {
            "account_id": 3843043,
            "application_id": null,
            "domain": "INFRA",
            "guid": "Mzg0MzA0M3xJTkZSQXxOQXwyNTg1MjE2MjUyNTkzMjE4ODA1",
            "id": "Mzg0MzA0M3xJTkZSQXxOQXwyNTg1MjE2MjUyNTkzMjE4ODA1",
            "ignore_case": false,
            "name": "pop-os",
            "serving_apm_application_id": null,
            "tag": null,
            "type": "HOST"
          },
          "sensitive_attributes": []
        }
      ]
    },
    {
      "mode": "managed",
      "type": "newrelic_alert_policy",
      "name": "golden_signal_policy",
      "provider": "provider[\"registry.terraform.io/newrelic/newrelic\"]",
      "instances": [
        {
          "schema_version": 0,
          "attributes": {
            "account_id": 3843043,
            "channel_ids": null,
            "id": "4077295",
            "incident_preference": "PER_POLICY",
            "name": "Teste Kaique - pop-os"
          },
          "sensitive_attributes": [],
          "private": "bnVsbA==",
          "dependencies": [
            "data.newrelic_entity.app"
          ]
        }
      ]
    },
    {
      "mode": "managed",
      "type": "newrelic_infra_alert_condition",
      "name": "high_cpu",
      "provider": "provider[\"registry.terraform.io/newrelic/newrelic\"]",
      "instances": [
        {
          "schema_version": 0,
          "attributes": {
            "comparison": "above",
            "created_at": 1679512756,
            "critical": [
              {
                "duration": 1,
                "time_function": "any",
                "value": 5
              }
            ],
            "description": "",
            "enabled": true,
            "event": "SystemSample",
            "id": "4077295:31005098",
            "integration_provider": null,
            "name": "Alto uso da CPU",
            "policy_id": 4077295,
            "process_where": null,
            "runbook_url": "",
            "select": "cpuPercent",
            "type": "infra_metric",
            "updated_at": 1679512756,
            "violation_close_timer": 24,
            "warning": [],
            "where": "(hostname LIKE '%pop%')"
          },
          "sensitive_attributes": [],
          "private": "bnVsbA==",
          "dependencies": [
            "data.newrelic_entity.app",
            "newrelic_alert_policy.golden_signal_policy"
          ]
        }
      ]
    },
    {
      "mode": "managed",
      "type": "newrelic_notification_channel",
      "name": "team_email_channel",
      "provider": "provider[\"registry.terraform.io/newrelic/newrelic\"]",
      "instances": [
        {
          "schema_version": 0,
          "attributes": {
            "account_id": 3843043,
            "active": true,
            "destination_id": "70517e00-db2e-40da-bd31-e38dc463d431",
            "id": "5b05b089-7d87-4217-8313-580595d9e4a2",
            "name": "email-example",
            "product": "IINT",
            "property": [
              {
                "display_value": "",
                "key": "customDetailsEmail",
                "label": "",
                "value": "Olá isso é uma descrição feita em OaC"
              },
              {
                "display_value": "",
                "key": "subject",
                "label": "",
                "value": "Titulo do alerta  - Teste OaC "
              }
            ],
            "status": "DEFAULT",
            "type": "EMAIL"
          },
          "sensitive_attributes": [],
          "private": "bnVsbA==",
          "dependencies": [
            "newrelic_notification_destination.team_email_destination"
          ]
        }
      ]
    },
    {
      "mode": "managed",
      "type": "newrelic_notification_destination",
      "name": "team_email_destination",
      "provider": "provider[\"registry.terraform.io/newrelic/newrelic\"]",
      "instances": [
        {
          "schema_version": 1,
          "attributes": {
            "account_id": 3843043,
            "active": true,
            "auth_basic": [],
            "auth_token": [],
            "id": "70517e00-db2e-40da-bd31-e38dc463d431",
            "last_sent": "",
            "name": "email-example",
            "property": [
              {
                "display_value": "",
                "key": "email",
                "label": "",
                "value": "kaique.luz@123milhas.com.br"
              }
            ],
            "status": "DEFAULT",
            "type": "EMAIL"
          },
          "sensitive_attributes": [],
          "private": "eyJzY2hlbWFfdmVyc2lvbiI6IjEifQ=="
        }
      ]
    },
    {
      "mode": "managed",
      "type": "newrelic_one_dashboard",
      "name": "multi_page_dashboard",
      "provider": "provider[\"registry.terraform.io/newrelic/newrelic\"]",
      "instances": [
        {
          "schema_version": 0,
          "attributes": {
            "account_id": 3843043,
            "description": null,
            "guid": "Mzg0MzA0M3xWSVp8REFTSEJPQVJEfGRhOjMwOTAyMTg",
            "id": "Mzg0MzA0M3xWSVp8REFTSEJPQVJEfGRhOjMwOTAyMTg",
            "name": "Meu Dashboard - OaC",
            "page": [
              {
                "description": "",
                "guid": "Mzg0MzA0M3xWSVp8REFTSEJPQVJEfDg0NzM2MTM",
                "name": "Minha CPU",
                "widget_area": [],
                "widget_bar": [
                  {
                    "colors": [],
                    "column": 1,
                    "facet_show_other_series": false,
                    "filter_current_dashboard": false,
                    "height": 3,
                    "id": "134333156",
                    "ignore_time_range": false,
                    "legend_enabled": true,
                    "linked_entity_guids": [],
                    "nrql_query": [
                      {
                        "account_id": 3843043,
                        "query": "SELECT average(cpuPercent) FROM SystemSample WHERE hostname = 'pop-os'"
                      }
                    ],
                    "null_values": [],
                    "row": 1,
                    "title": "CPU",
                    "units": [],
                    "width": 4,
                    "y_axis_left_max": 0,
                    "y_axis_left_min": 0
                  }
                ],
                "widget_billboard": [],
                "widget_bullet": [],
                "widget_funnel": [],
                "widget_heatmap": [],
                "widget_histogram": [],
                "widget_json": [],
                "widget_line": [],
                "widget_log_table": [],
                "widget_markdown": [],
                "widget_pie": [],
                "widget_stacked_bar": [],
                "widget_table": []
              },
              {
                "description": "",
                "guid": "Mzg0MzA0M3xWSVp8REFTSEJPQVJEfDg0NzM2MTQ",
                "name": "Minha Memoria",
                "widget_area": [],
                "widget_bar": [
                  {
                    "colors": [],
                    "column": 1,
                    "facet_show_other_series": false,
                    "filter_current_dashboard": false,
                    "height": 3,
                    "id": "134333157",
                    "ignore_time_range": false,
                    "legend_enabled": true,
                    "linked_entity_guids": [],
                    "nrql_query": [
                      {
                        "account_id": 3843043,
                        "query": "SELECT average(memoryUsedBytes/memoryTotalBytes*100) FROM SystemSample WHERE hostname = 'pop-os'"
                      }
                    ],
                    "null_values": [],
                    "row": 1,
                    "title": "RAM",
                    "units": [],
                    "width": 4,
                    "y_axis_left_max": 0,
                    "y_axis_left_min": 0
                  }
                ],
                "widget_billboard": [],
                "widget_bullet": [],
                "widget_funnel": [],
                "widget_heatmap": [],
                "widget_histogram": [],
                "widget_json": [],
                "widget_line": [],
                "widget_log_table": [],
                "widget_markdown": [],
                "widget_pie": [],
                "widget_stacked_bar": [],
                "widget_table": []
              }
            ],
            "permalink": "https://one.newrelic.com/redirect/entity/Mzg0MzA0M3xWSVp8REFTSEJPQVJEfGRhOjMwOTAyMTg",
            "permissions": "public_read_only",
            "variable": []
          },
          "sensitive_attributes": [],
          "private": "bnVsbA==",
          "dependencies": [
            "data.newrelic_entity.app"
          ]
        }
      ]
    },
    {
      "mode": "managed",
      "type": "newrelic_workflow",
      "name": "foo",
      "provider": "provider[\"registry.terraform.io/newrelic/newrelic\"]",
      "instances": [
        {
          "schema_version": 1,
          "attributes": {
            "account_id": 3843043,
            "destination": [
              {
                "channel_id": "5b05b089-7d87-4217-8313-580595d9e4a2",
                "name": "email-example",
                "notification_triggers": [],
                "type": "EMAIL"
              }
            ],
            "destinations_enabled": true,
            "enabled": true,
            "enrichments": [],
            "enrichments_enabled": true,
            "guid": "Mzg0MzA0M3xBSU9QU3xXT1JLRkxPV3xmN2Y2OWNkOC04ZWZjLTQxYmUtYjAwMi00NjkwNDlhYTYwY2Q",
            "id": "f7f69cd8-8efc-41be-b002-469049aa60cd",
            "issues_filter": [
              {
                "filter_id": "4fd7c610-f509-4054-841c-8c864d338fc1",
                "name": "filter-name",
                "predicate": [
                  {
                    "attribute": "labels.policyIds",
                    "operator": "EXACTLY_MATCHES",
                    "values": [
                      "4077295"
                    ]
                  }
                ],
                "type": "FILTER"
              }
            ],
            "last_run": "",
            "muting_rules_handling": "NOTIFY_ALL_ISSUES",
            "name": "workflow-example",
            "workflow_id": "f7f69cd8-8efc-41be-b002-469049aa60cd"
          },
          "sensitive_attributes": [],
          "private": "eyJzY2hlbWFfdmVyc2lvbiI6IjEifQ==",
          "dependencies": [
            "data.newrelic_entity.app",
            "newrelic_alert_policy.golden_signal_policy",
            "newrelic_notification_channel.team_email_channel",
            "newrelic_notification_destination.team_email_destination"
          ]
        }
      ]
    }
  ],
  "check_results": null
}
